{
    "name": "example",
    "version": "1.0.0",
    "lockfileVersion": 3,
    "requires": true,
    "packages": {
        "": {
            "name": "example",
            "version": "1.0.0",
            "license": "ISC",
            "dependencies": {
                "@ptolemy2002/bs-utils": "file:../lib"
            },
            "devDependencies": {
                "typescript": "^5.6.3"
            }
        },
        "../lib": {
            "name": "@ptolemy2002/bs-utils",
            "version": "1.0.0",
            "hasInstallScript": true,
            "devDependencies": {}
        },
        "node_modules/@ptolemy2002/bs-utils": {
            "resolved": "../lib",
            "link": true
        },
        "node_modules/typescript": {
            "version": "5.6.3",
            "resolved": "https://registry.npmjs.org/typescript/-/typescript-5.6.3.tgz",
            "integrity": "sha512-hjcS1mhfuyi4WW8IWtjP7brDrG2cuDZukyrYrSauoXGNgx0S7zceP07adYkJycEr56BOUTNPzbInooiN3fn1qw==",
            "dev": true,
            "license": "Apache-2.0",
            "bin": {
                "tsc": "bin/tsc",
                "tsserver": "bin/tsserver"
            },
            "engines": {
                "node": ">=14.17"
            }
        }
    }
}
